// !$*UTF8*$!
{
	archiveVersion = 1;
	classes = {
	};
	objectVersion = 46;
	objects = {

/* Begin PBXBuildFile section */
		15EE22C617715D0E002BC428 /* UIKit.framework in Frameworks */ = {isa = PBXBuildFile; fileRef = 15EE22C517715D0E002BC428 /* UIKit.framework */; };
		15EE22C817715D0E002BC428 /* Foundation.framework in Frameworks */ = {isa = PBXBuildFile; fileRef = 15EE22C717715D0E002BC428 /* Foundation.framework */; };
		15EE22CA17715D0E002BC428 /* CoreGraphics.framework in Frameworks */ = {isa = PBXBuildFile; fileRef = 15EE22C917715D0E002BC428 /* CoreGraphics.framework */; };
		15EE22D017715D0E002BC428 /* InfoPlist.strings in Resources */ = {isa = PBXBuildFile; fileRef = 15EE22CE17715D0E002BC428 /* InfoPlist.strings */; };
		15EE22D217715D0E002BC428 /* main.m in Sources */ = {isa = PBXBuildFile; fileRef = 15EE22D117715D0E002BC428 /* main.m */; };
		15EE22D617715D0E002BC428 /* AppDelegate.m in Sources */ = {isa = PBXBuildFile; fileRef = 15EE22D517715D0E002BC428 /* AppDelegate.m */; };
		15EE22D817715D0E002BC428 /* Default.png in Resources */ = {isa = PBXBuildFile; fileRef = 15EE22D717715D0E002BC428 /* Default.png */; };
		15EE22DA17715D0E002BC428 /* Default@2x.png in Resources */ = {isa = PBXBuildFile; fileRef = 15EE22D917715D0E002BC428 /* Default@2x.png */; };
		15EE22DC17715D0E002BC428 /* Default-568h@2x.png in Resources */ = {isa = PBXBuildFile; fileRef = 15EE22DB17715D0E002BC428 /* Default-568h@2x.png */; };
		15EE22DF17715D0E002BC428 /* MainStoryboard.storyboard in Resources */ = {isa = PBXBuildFile; fileRef = 15EE22DD17715D0E002BC428 /* MainStoryboard.storyboard */; };
		15EE22E217715D0E002BC428 /* ViewController.m in Sources */ = {isa = PBXBuildFile; fileRef = 15EE22E117715D0E002BC428 /* ViewController.m */; };
		15EE22F017715D57002BC428 /* CKCalendarView.m in Sources */ = {isa = PBXBuildFile; fileRef = 15EE22EB17715D57002BC428 /* CKCalendarView.m */; };
		15EE22F117715D57002BC428 /* left_arrow.png in Resources */ = {isa = PBXBuildFile; fileRef = 15EE22EC17715D57002BC428 /* left_arrow.png */; };
		15EE22F217715D57002BC428 /* left_arrow@2x.png in Resources */ = {isa = PBXBuildFile; fileRef = 15EE22ED17715D57002BC428 /* left_arrow@2x.png */; };
		15EE22F317715D57002BC428 /* right_arrow.png in Resources */ = {isa = PBXBuildFile; fileRef = 15EE22EE17715D57002BC428 /* right_arrow.png */; };
		15EE22F417715D57002BC428 /* right_arrow@2x.png in Resources */ = {isa = PBXBuildFile; fileRef = 15EE22EF17715D57002BC428 /* right_arrow@2x.png */; };
		15EE22F717715D83002BC428 /* TextFieldDatePicker.m in Sources */ = {isa = PBXBuildFile; fileRef = 15EE22F617715D83002BC428 /* TextFieldDatePicker.m */; };
		15EE230317715F83002BC428 /* QuartzCore.framework in Frameworks */ = {isa = PBXBuildFile; fileRef = 15EE230117715F78002BC428 /* QuartzCore.framework */; };
		15EE230C17716316002BC428 /* DatePickerViewController.m in Sources */ = {isa = PBXBuildFile; fileRef = 15EE230A17716316002BC428 /* DatePickerViewController.m */; };
/* End PBXBuildFile section */

/* Begin PBXFileReference section */
		15EE22C117715D0E002BC428 /* TextFieldDatePicker.app */ = {isa = PBXFileReference; explicitFileType = wrapper.application; includeInIndex = 0; path = TextFieldDatePicker.app; sourceTree = BUILT_PRODUCTS_DIR; };
		15EE22C517715D0E002BC428 /* UIKit.framework */ = {isa = PBXFileReference; lastKnownFileType = wrapper.framework; name = UIKit.framework; path = System/Library/Frameworks/UIKit.framework; sourceTree = SDKROOT; };
		15EE22C717715D0E002BC428 /* Foundation.framework */ = {isa = PBXFileReference; lastKnownFileType = wrapper.framework; name = Foundation.framework; path = System/Library/Frameworks/Foundation.framework; sourceTree = SDKROOT; };
		15EE22C917715D0E002BC428 /* CoreGraphics.framework */ = {isa = PBXFileReference; lastKnownFileType = wrapper.framework; name = CoreGraphics.framework; path = System/Library/Frameworks/CoreGraphics.framework; sourceTree = SDKROOT; };
		15EE22CD17715D0E002BC428 /* TextFieldDatePicker-Info.plist */ = {isa = PBXFileReference; lastKnownFileType = text.plist.xml; path = "TextFieldDatePicker-Info.plist"; sourceTree = "<group>"; };
		15EE22CF17715D0E002BC428 /* en */ = {isa = PBXFileReference; lastKnownFileType = text.plist.strings; name = en; path = en.lproj/InfoPlist.strings; sourceTree = "<group>"; };
		15EE22D117715D0E002BC428 /* main.m */ = {isa = PBXFileReference; lastKnownFileType = sourcecode.c.objc; path = main.m; sourceTree = "<group>"; };
		15EE22D317715D0E002BC428 /* TextFieldDatePicker-Prefix.pch */ = {isa = PBXFileReference; lastKnownFileType = sourcecode.c.h; path = "TextFieldDatePicker-Prefix.pch"; sourceTree = "<group>"; };
		15EE22D417715D0E002BC428 /* AppDelegate.h */ = {isa = PBXFileReference; lastKnownFileType = sourcecode.c.h; path = AppDelegate.h; sourceTree = "<group>"; };
		15EE22D517715D0E002BC428 /* AppDelegate.m */ = {isa = PBXFileReference; lastKnownFileType = sourcecode.c.objc; path = AppDelegate.m; sourceTree = "<group>"; };
		15EE22D717715D0E002BC428 /* Default.png */ = {isa = PBXFileReference; lastKnownFileType = image.png; path = Default.png; sourceTree = "<group>"; };
		15EE22D917715D0E002BC428 /* Default@2x.png */ = {isa = PBXFileReference; lastKnownFileType = image.png; path = "Default@2x.png"; sourceTree = "<group>"; };
		15EE22DB17715D0E002BC428 /* Default-568h@2x.png */ = {isa = PBXFileReference; lastKnownFileType = image.png; path = "Default-568h@2x.png"; sourceTree = "<group>"; };
		15EE22DE17715D0E002BC428 /* en */ = {isa = PBXFileReference; lastKnownFileType = file.storyboard; name = en; path = en.lproj/MainStoryboard.storyboard; sourceTree = "<group>"; };
		15EE22E017715D0E002BC428 /* ViewController.h */ = {isa = PBXFileReference; lastKnownFileType = sourcecode.c.h; path = ViewController.h; sourceTree = "<group>"; };
		15EE22E117715D0E002BC428 /* ViewController.m */ = {isa = PBXFileReference; lastKnownFileType = sourcecode.c.objc; path = ViewController.m; sourceTree = "<group>"; };
		15EE22EA17715D57002BC428 /* CKCalendarView.h */ = {isa = PBXFileReference; fileEncoding = 4; lastKnownFileType = sourcecode.c.h; path = CKCalendarView.h; sourceTree = "<group>"; };
		15EE22EB17715D57002BC428 /* CKCalendarView.m */ = {isa = PBXFileReference; fileEncoding = 4; lastKnownFileType = sourcecode.c.objc; path = CKCalendarView.m; sourceTree = "<group>"; };
		15EE22EC17715D57002BC428 /* left_arrow.png */ = {isa = PBXFileReference; lastKnownFileType = image.png; path = left_arrow.png; sourceTree = "<group>"; };
		15EE22ED17715D57002BC428 /* left_arrow@2x.png */ = {isa = PBXFileReference; lastKnownFileType = image.png; path = "left_arrow@2x.png"; sourceTree = "<group>"; };
		15EE22EE17715D57002BC428 /* right_arrow.png */ = {isa = PBXFileReference; lastKnownFileType = image.png; path = right_arrow.png; sourceTree = "<group>"; };
		15EE22EF17715D57002BC428 /* right_arrow@2x.png */ = {isa = PBXFileReference; lastKnownFileType = image.png; path = "right_arrow@2x.png"; sourceTree = "<group>"; };
		15EE22F517715D83002BC428 /* TextFieldDatePicker.h */ = {isa = PBXFileReference; fileEncoding = 4; lastKnownFileType = sourcecode.c.h; path = TextFieldDatePicker.h; sourceTree = "<group>"; };
		15EE22F617715D83002BC428 /* TextFieldDatePicker.m */ = {isa = PBXFileReference; fileEncoding = 4; lastKnownFileType = sourcecode.c.objc; path = TextFieldDatePicker.m; sourceTree = "<group>"; };
		15EE230117715F78002BC428 /* QuartzCore.framework */ = {isa = PBXFileReference; lastKnownFileType = wrapper.framework; name = QuartzCore.framework; path = System/Library/Frameworks/QuartzCore.framework; sourceTree = SDKROOT; };
		15EE230917716316002BC428 /* DatePickerViewController.h */ = {isa = PBXFileReference; fileEncoding = 4; lastKnownFileType = sourcecode.c.h; path = DatePickerViewController.h; sourceTree = "<group>"; };
		15EE230A17716316002BC428 /* DatePickerViewController.m */ = {isa = PBXFileReference; fileEncoding = 4; lastKnownFileType = sourcecode.c.objc; path = DatePickerViewController.m; sourceTree = "<group>"; };
/* End PBXFileReference section */

/* Begin PBXFrameworksBuildPhase section */
		15EE22BE17715D0E002BC428 /* Frameworks */ = {
			isa = PBXFrameworksBuildPhase;
			buildActionMask = 2147483647;
			files = (
				15EE230317715F83002BC428 /* QuartzCore.framework in Frameworks */,
				15EE22C617715D0E002BC428 /* UIKit.framework in Frameworks */,
				15EE22C817715D0E002BC428 /* Foundation.framework in Frameworks */,
				15EE22CA17715D0E002BC428 /* CoreGraphics.framework in Frameworks */,
			);
			runOnlyForDeploymentPostprocessing = 0;
		};
/* End PBXFrameworksBuildPhase section */

/* Begin PBXGroup section */
		15EE22B617715D0D002BC428 = {
			isa = PBXGroup;
			children = (
				15EE22CB17715D0E002BC428 /* TextFieldDatePicker */,
				15EE22C417715D0E002BC428 /* Frameworks */,
				15EE22C217715D0E002BC428 /* Products */,
			);
			sourceTree = "<group>";
		};
		15EE22C217715D0E002BC428 /* Products */ = {
			isa = PBXGroup;
			children = (
				15EE22C117715D0E002BC428 /* TextFieldDatePicker.app */,
			);
			name = Products;
			sourceTree = "<group>";
		};
		15EE22C417715D0E002BC428 /* Frameworks */ = {
			isa = PBXGroup;
			children = (
				15EE230117715F78002BC428 /* QuartzCore.framework */,
				15EE22C517715D0E002BC428 /* UIKit.framework */,
				15EE22C717715D0E002BC428 /* Foundation.framework */,
				15EE22C917715D0E002BC428 /* CoreGraphics.framework */,
			);
			name = Frameworks;
			sourceTree = "<group>";
		};
		15EE22CB17715D0E002BC428 /* TextFieldDatePicker */ = {
			isa = PBXGroup;
			children = (
				15EE22E817715D4B002BC428 /* Source */,
				15EE22D417715D0E002BC428 /* AppDelegate.h */,
				15EE22D517715D0E002BC428 /* AppDelegate.m */,
				15EE22DD17715D0E002BC428 /* MainStoryboard.storyboard */,
				15EE22E017715D0E002BC428 /* ViewController.h */,
				15EE22E117715D0E002BC428 /* ViewController.m */,
				15EE22CC17715D0E002BC428 /* Supporting Files */,
			);
			path = TextFieldDatePicker;
			sourceTree = "<group>";
		};
		15EE22CC17715D0E002BC428 /* Supporting Files */ = {
			isa = PBXGroup;
			children = (
				15EE22CD17715D0E002BC428 /* TextFieldDatePicker-Info.plist */,
				15EE22CE17715D0E002BC428 /* InfoPlist.strings */,
				15EE22D117715D0E002BC428 /* main.m */,
				15EE22D317715D0E002BC428 /* TextFieldDatePicker-Prefix.pch */,
				15EE22D717715D0E002BC428 /* Default.png */,
				15EE22D917715D0E002BC428 /* Default@2x.png */,
				15EE22DB17715D0E002BC428 /* Default-568h@2x.png */,
			);
			name = "Supporting Files";
			sourceTree = "<group>";
		};
		15EE22E817715D4B002BC428 /* Source */ = {
			isa = PBXGroup;
			children = (
				15EE22E917715D57002BC428 /* CKCalendarView */,
				15EE22F517715D83002BC428 /* TextFieldDatePicker.h */,
				15EE22F617715D83002BC428 /* TextFieldDatePicker.m */,
				15EE230917716316002BC428 /* DatePickerViewController.h */,
				15EE230A17716316002BC428 /* DatePickerViewController.m */,
			);
			path = Source;
			sourceTree = "<group>";
		};
		15EE22E917715D57002BC428 /* CKCalendarView */ = {
			isa = PBXGroup;
			children = (
				15EE22EA17715D57002BC428 /* CKCalendarView.h */,
				15EE22EB17715D57002BC428 /* CKCalendarView.m */,
				15EE22EC17715D57002BC428 /* left_arrow.png */,
				15EE22ED17715D57002BC428 /* left_arrow@2x.png */,
				15EE22EE17715D57002BC428 /* right_arrow.png */,
				15EE22EF17715D57002BC428 /* right_arrow@2x.png */,
			);
			path = CKCalendarView;
			sourceTree = "<group>";
		};
/* End PBXGroup section */

/* Begin PBXNativeTarget section */
		15EE22C017715D0E002BC428 /* TextFieldDatePicker */ = {
			isa = PBXNativeTarget;
			buildConfigurationList = 15EE22E517715D0E002BC428 /* Build configuration list for PBXNativeTarget "TextFieldDatePicker" */;
			buildPhases = (
				15EE22BD17715D0E002BC428 /* Sources */,
				15EE22BE17715D0E002BC428 /* Frameworks */,
				15EE22BF17715D0E002BC428 /* Resources */,
			);
			buildRules = (
			);
			dependencies = (
			);
			name = TextFieldDatePicker;
			productName = TextFieldDatePicker;
			productReference = 15EE22C117715D0E002BC428 /* TextFieldDatePicker.app */;
			productType = "com.apple.product-type.application";
		};
/* End PBXNativeTarget section */

/* Begin PBXProject section */
		15EE22B817715D0D002BC428 /* Project object */ = {
			isa = PBXProject;
			attributes = {
				LastUpgradeCheck = 0450;
				ORGANIZATIONNAME = "Aryan Ghassemi";
			};
			buildConfigurationList = 15EE22BB17715D0D002BC428 /* Build configuration list for PBXProject "TextFieldDatePicker" */;
			compatibilityVersion = "Xcode 3.2";
			developmentRegion = English;
			hasScannedForEncodings = 0;
			knownRegions = (
				en,
			);
			mainGroup = 15EE22B617715D0D002BC428;
			productRefGroup = 15EE22C217715D0E002BC428 /* Products */;
			projectDirPath = "";
			projectRoot = "";
			targets = (
				15EE22C017715D0E002BC428 /* TextFieldDatePicker */,
			);
		};
/* End PBXProject section */

/* Begin PBXResourcesBuildPhase section */
		15EE22BF17715D0E002BC428 /* Resources */ = {
			isa = PBXResourcesBuildPhase;
			buildActionMask = 2147483647;
			files = (
				15EE22D017715D0E002BC428 /* InfoPlist.strings in Resources */,
				15EE22D817715D0E002BC428 /* Default.png in Resources */,
				15EE22DA17715D0E002BC428 /* Default@2x.png in Resources */,
				15EE22DC17715D0E002BC428 /* Default-568h@2x.png in Resources */,
				15EE22DF17715D0E002BC428 /* MainStoryboard.storyboard in Resources */,
				15EE22F117715D57002BC428 /* left_arrow.png in Resources */,
				15EE22F217715D57002BC428 /* left_arrow@2x.png in Resources */,
				15EE22F317715D57002BC428 /* right_arrow.png in Resources */,
				15EE22F417715D57002BC428 /* right_arrow@2x.png in Resources */,
			);
			runOnlyForDeploymentPostprocessing = 0;
		};
/* End PBXResourcesBuildPhase section */

/* Begin PBXSourcesBuildPhase section */
		15EE22BD17715D0E002BC428 /* Sources */ = {
			isa = PBXSourcesBuildPhase;
			buildActionMask = 2147483647;
			files = (
				15EE22D217715D0E002BC428 /* main.m in Sources */,
				15EE22D617715D0E002BC428 /* AppDelegate.m in Sources */,
				15EE22E217715D0E002BC428 /* ViewController.m in Sources */,
				15EE22F017715D57002BC428 /* CKCalendarView.m in Sources */,
				15EE22F717715D83002BC428 /* TextFieldDatePicker.m in Sources */,
				15EE230C17716316002BC428 /* DatePickerViewController.m in Sources */,
			);
			runOnlyForDeploymentPostprocessing = 0;
		};
/* End PBXSourcesBuildPhase section */

/* Begin PBXVariantGroup section */
		15EE22CE17715D0E002BC428 /* InfoPlist.strings */ = {
			isa = PBXVariantGroup;
			children = (
				15EE22CF17715D0E002BC428 /* en */,
			);
			name = InfoPlist.strings;
			sourceTree = "<group>";
		};
		15EE22DD17715D0E002BC428 /* MainStoryboard.storyboard */ = {
			isa = PBXVariantGroup;
			children = (
				15EE22DE17715D0E002BC428 /* en */,
			);
			name = MainStoryboard.storyboard;
			sourceTree = "<group>";
		};
/* End PBXVariantGroup section */

/* Begin XCBuildConfiguration section */
		15EE22E317715D0E002BC428 /* Debug */ = {
			isa = XCBuildConfiguration;
			buildSettings = {
				ALWAYS_SEARCH_USER_PATHS = NO;
				CLANG_CXX_LANGUAGE_STANDARD = "gnu++0x";
				CLANG_CXX_LIBRARY = "libc++";
				CLANG_ENABLE_OBJC_ARC = YES;
				CLANG_WARN_EMPTY_BODY = YES;
				CLANG_WARN__DUPLICATE_METHOD_MATCH = YES;
				"CODE_SIGN_IDENTITY[sdk=iphoneos*]" = "iPhone Developer";
				COPY_PHASE_STRIP = NO;
				GCC_C_LANGUAGE_STANDARD = gnu99;
				GCC_DYNAMIC_NO_PIC = NO;
				GCC_OPTIMIZATION_LEVEL = 0;
				GCC_PREPROCESSOR_DEFINITIONS = (
					"DEBUG=1",
					"$(inherited)",
				);
				GCC_SYMBOLS_PRIVATE_EXTERN = NO;
				GCC_WARN_ABOUT_RETURN_TYPE = YES;
				GCC_WARN_UNINITIALIZED_AUTOS = YES;
				GCC_WARN_UNUSED_VARIABLE = YES;
				IPHONEOS_DEPLOYMENT_TARGET = 6.0;
				SDKROOT = iphoneos;
				TARGETED_DEVICE_FAMILY = 2;
			};
			name = Debug;
		};
		15EE22E417715D0E002BC428 /* Release */ = {
			isa = XCBuildConfiguration;
			buildSettings = {
				ALWAYS_SEARCH_USER_PATHS = NO;
				CLANG_CXX_LANGUAGE_STANDARD = "gnu++0x";
				CLANG_CXX_LIBRARY = "libc++";
				CLANG_ENABLE_OBJC_ARC = YES;
				CLANG_WARN_EMPTY_BODY = YES;
				CLANG_WARN__DUPLICATE_METHOD_MATCH = YES;
				"CODE_SIGN_IDENTITY[sdk=iphoneos*]" = "iPhone Developer";
				COPY_PHASE_STRIP = YES;
				GCC_C_LANGUAGE_STANDARD = gnu99;
				GCC_WARN_ABOUT_RETURN_TYPE = YES;
				GCC_WARN_UNINITIALIZED_AUTOS = YES;
				GCC_WARN_UNUSED_VARIABLE = YES;
				IPHONEOS_DEPLOYMENT_TARGET = 6.0;
				OTHER_CFLAGS = "-DNS_BLOCK_ASSERTIONS=1";
				SDKROOT = iphoneos;
				TARGETED_DEVICE_FAMILY = 2;
				VALIDATE_PRODUCT = YES;
			};
			name = Release;
		};
		15EE22E617715D0E002BC428 /* Debug */ = {
			isa = XCBuildConfiguration;
			buildSettings = {
				GCC_PRECOMPILE_PREFIX_HEADER = YES;
				GCC_PREFIX_HEADER = "TextFieldDatePicker/TextFieldDatePicker-Prefix.pch";
				INFOPLIST_FILE = "TextFieldDatePicker/TextFieldDatePicker-Info.plist";
				IPHONEOS_DEPLOYMENT_TARGET = 5.0;
				PRODUCT_NAME = "$(TARGET_NAME)";
				WRAPPER_EXTENSION = app;
			};
			name = Debug;
		};
		15EE22E717715D0E002BC428 /* Release */ = {
			isa = XCBuildConfiguration;
			buildSettings = {
				GCC_PRECOMPILE_PREFIX_HEADER = YES;
				GCC_PREFIX_HEADER = "TextFieldDatePicker/TextFieldDatePicker-Prefix.pch";
				INFOPLIST_FILE = "TextFieldDatePicker/TextFieldDatePicker-Info.plist";
				IPHONEOS_DEPLOYMENT_TARGET = 5.0;
				PRODUCT_NAME = "$(TARGET_NAME)";
				WRAPPER_EXTENSION = app;
			};
			name = Release;
		};
/* End XCBuildConfiguration section */

/* Begin XCConfigurationList section */
		15EE22BB17715D0D002BC428 /* Build configuration list for PBXProject "TextFieldDatePicker" */ = {
			isa = XCConfigurationList;
			buildConfigurations = (
				15EE22E317715D0E002BC428 /* Debug */,
				15EE22E417715D0E002BC428 /* Release */,
			);
			defaultConfigurationIsVisible = 0;
			defaultConfigurationName = Release;
		};
		15EE22E517715D0E002BC428 /* Build configuration list for PBXNativeTarget "TextFieldDatePicker" */ = {
			isa = XCConfigurationList;
			buildConfigurations = (
				15EE22E617715D0E002BC428 /* Debug */,
				15EE22E717715D0E002BC428 /* Release */,
			);
			defaultConfigurationIsVisible = 0;
			defaultConfigurationName = Release;
		};
/* End XCConfigurationList section */
	};
	rootObject = 15EE22B817715D0D002BC428 /* Project object */;
}
